PODS:
  - Flutter (1.0.0)
  - mpc_dart (1.0.0):
    - Flutter

DEPENDENCIES:
  - Flutter (from `Flutter`)
  - mpc_dart (from `.symlinks/plugins/mpc_dart/ios`)

EXTERNAL SOURCES:
  Flutter:
    :path: Flutter
  mpc_dart:
    :path: ".symlinks/plugins/mpc_dart/ios"

SPEC CHECKSUMS:
  Flutter: cabc95a1d2626b1b06e7179b784ebcf0c0cde467
  mpc_dart: d10ec595a50d911170307622ab54d9de17a06e40

PODFILE CHECKSUM: 3103ae9150ce3598b2169c7802ec7b7c3de54e22

COCOAPODS: 1.16.2
