PODS:
  - Flutter (1.0.0)
  - mpc_dart (1.0.0):
    - Flutter

DEPENDENCIES:
  - Flutter (from `Flutter`)
  - mpc_dart (from `.symlinks/plugins/mpc_dart/ios`)

EXTERNAL SOURCES:
  Flutter:
    :path: Flutter
  mpc_dart:
    :path: ".symlinks/plugins/mpc_dart/ios"

SPEC CHECKSUMS:
  Flutter: cabc95a1d2626b1b06e7179b784ebcf0c0cde467
  mpc_dart: e295201b4929766ec6542e2de665b157f6f67f0b

PODFILE CHECKSUM: 3c63482e143d1b91d2d2560aee9fb04ecc74ac7e

COCOAPODS: 1.16.2
